
Microsoft Visual Studio Solution File, Format Version 12.00
# Visual Studio Version 17
VisualStudioVersion = 17.12.35707.178
MinimumVisualStudioVersion = 10.0.40219.1
Project("{FAE04EC0-301F-11D3-BF4B-00C04F79EFBC}") = "HAComputerGateway", "HAComputerGateway\HAComputerGateway.csproj", "{E3633AD4-4B40-44E9-B160-D54982A9D5F1}"
EndProject
Project("{FAE04EC0-301F-11D3-BF4B-00C04F79EFBC}") = "HAComputerGateway.Core", "HAComputerGateway.Core\HAComputerGateway.Core.csproj", "{FFCE9278-96C3-48D5-8EDB-AC36D6811804}"
EndProject
Project("{FAE04EC0-301F-11D3-BF4B-00C04F79EFBC}") = "HAComputerGateway.Win7", "HAComputerGateway.Win7\HAComputerGateway.Win7.csproj", "{1D6034DA-D031-4E92-9C01-487F819BE8D5}"
EndProject
Global
	GlobalSection(SolutionConfigurationPlatforms) = preSolution
		Debug|Any CPU = Debug|Any CPU
		Debug|x64 = Debug|x64
		Debug|x86 = Debug|x86
		Release|Any CPU = Release|Any CPU
		Release|x64 = Release|x64
		Release|x86 = Release|x86
	EndGlobalSection
	GlobalSection(ProjectConfigurationPlatforms) = postSolution
		{E3633AD4-4B40-44E9-B160-D54982A9D5F1}.Debug|Any CPU.ActiveCfg = Debug|Any CPU
		{E3633AD4-4B40-44E9-B160-D54982A9D5F1}.Debug|Any CPU.Build.0 = Debug|Any CPU
		{E3633AD4-4B40-44E9-B160-D54982A9D5F1}.Debug|x64.ActiveCfg = Debug|Any CPU
		{E3633AD4-4B40-44E9-B160-D54982A9D5F1}.Debug|x64.Build.0 = Debug|Any CPU
		{E3633AD4-4B40-44E9-B160-D54982A9D5F1}.Debug|x86.ActiveCfg = Debug|Any CPU
		{E3633AD4-4B40-44E9-B160-D54982A9D5F1}.Debug|x86.Build.0 = Debug|Any CPU
		{E3633AD4-4B40-44E9-B160-D54982A9D5F1}.Release|Any CPU.ActiveCfg = Release|Any CPU
		{E3633AD4-4B40-44E9-B160-D54982A9D5F1}.Release|Any CPU.Build.0 = Release|Any CPU
		{E3633AD4-4B40-44E9-B160-D54982A9D5F1}.Release|x64.ActiveCfg = Release|Any CPU
		{E3633AD4-4B40-44E9-B160-D54982A9D5F1}.Release|x64.Build.0 = Release|Any CPU
		{E3633AD4-4B40-44E9-B160-D54982A9D5F1}.Release|x86.ActiveCfg = Release|Any CPU
		{E3633AD4-4B40-44E9-B160-D54982A9D5F1}.Release|x86.Build.0 = Release|Any CPU
		{FFCE9278-96C3-48D5-8EDB-AC36D6811804}.Debug|Any CPU.ActiveCfg = Debug|Any CPU
		{FFCE9278-96C3-48D5-8EDB-AC36D6811804}.Debug|Any CPU.Build.0 = Debug|Any CPU
		{FFCE9278-96C3-48D5-8EDB-AC36D6811804}.Debug|x64.ActiveCfg = Debug|Any CPU
		{FFCE9278-96C3-48D5-8EDB-AC36D6811804}.Debug|x64.Build.0 = Debug|Any CPU
		{FFCE9278-96C3-48D5-8EDB-AC36D6811804}.Debug|x86.ActiveCfg = Debug|Any CPU
		{FFCE9278-96C3-48D5-8EDB-AC36D6811804}.Debug|x86.Build.0 = Debug|Any CPU
		{FFCE9278-96C3-48D5-8EDB-AC36D6811804}.Release|Any CPU.ActiveCfg = Release|Any CPU
		{FFCE9278-96C3-48D5-8EDB-AC36D6811804}.Release|Any CPU.Build.0 = Release|Any CPU
		{FFCE9278-96C3-48D5-8EDB-AC36D6811804}.Release|x64.ActiveCfg = Release|Any CPU
		{FFCE9278-96C3-48D5-8EDB-AC36D6811804}.Release|x64.Build.0 = Release|Any CPU
		{FFCE9278-96C3-48D5-8EDB-AC36D6811804}.Release|x86.ActiveCfg = Release|Any CPU
		{FFCE9278-96C3-48D5-8EDB-AC36D6811804}.Release|x86.Build.0 = Release|Any CPU
		{1D6034DA-D031-4E92-9C01-487F819BE8D5}.Debug|Any CPU.ActiveCfg = Debug|Any CPU
		{1D6034DA-D031-4E92-9C01-487F819BE8D5}.Debug|Any CPU.Build.0 = Debug|Any CPU
		{1D6034DA-D031-4E92-9C01-487F819BE8D5}.Debug|x64.ActiveCfg = Debug|x64
		{1D6034DA-D031-4E92-9C01-487F819BE8D5}.Debug|x64.Build.0 = Debug|x64
		{1D6034DA-D031-4E92-9C01-487F819BE8D5}.Debug|x86.ActiveCfg = Debug|x86
		{1D6034DA-D031-4E92-9C01-487F819BE8D5}.Debug|x86.Build.0 = Debug|x86
		{1D6034DA-D031-4E92-9C01-487F819BE8D5}.Release|Any CPU.ActiveCfg = Release|Any CPU
		{1D6034DA-D031-4E92-9C01-487F819BE8D5}.Release|Any CPU.Build.0 = Release|Any CPU
		{1D6034DA-D031-4E92-9C01-487F819BE8D5}.Release|x64.ActiveCfg = Release|x64
		{1D6034DA-D031-4E92-9C01-487F819BE8D5}.Release|x64.Build.0 = Release|x64
		{1D6034DA-D031-4E92-9C01-487F819BE8D5}.Release|x86.ActiveCfg = Release|x86
		{1D6034DA-D031-4E92-9C01-487F819BE8D5}.Release|x86.Build.0 = Release|x86
	EndGlobalSection
	GlobalSection(SolutionProperties) = preSolution
		HideSolutionNode = FALSE
	EndGlobalSection
EndGlobal
